// !$*UTF8*$!
{
	archiveVersion = 1;
	classes = {
	};
	objectVersion = 46;
	objects = {

/* Begin PBXBuildFile section */
		C5906A9E1AA69CAA00C47A52 /* ViewController.m in Sources */ = {isa = PBXBuildFile; fileRef = C5906A9D1AA69CAA00C47A52 /* ViewController.m */; };
		C5DADD0C1AA69C7D0025730B /* Foundation.framework in Frameworks */ = {isa = PBXBuildFile; fileRef = C5DADD0B1AA69C7D0025730B /* Foundation.framework */; };
		C5DADD0E1AA69C7D0025730B /* CoreGraphics.framework in Frameworks */ = {isa = PBXBuildFile; fileRef = C5DADD0D1AA69C7D0025730B /* CoreGraphics.framework */; };
		C5DADD101AA69C7D0025730B /* UIKit.framework in Frameworks */ = {isa = PBXBuildFile; fileRef = C5DADD0F1AA69C7D0025730B /* UIKit.framework */; };
		C5DADD161AA69C7D0025730B /* InfoPlist.strings in Resources */ = {isa = PBXBuildFile; fileRef = C5DADD141AA69C7D0025730B /* InfoPlist.strings */; };
		C5DADD181AA69C7D0025730B /* main.m in Sources */ = {isa = PBXBuildFile; fileRef = C5DADD171AA69C7D0025730B /* main.m */; };
		C5DADD1C1AA69C7D0025730B /* AppDelegate.m in Sources */ = {isa = PBXBuildFile; fileRef = C5DADD1B1AA69C7D0025730B /* AppDelegate.m */; };
		C5DADD1E1AA69C7D0025730B /* Images.xcassets in Resources */ = {isa = PBXBuildFile; fileRef = C5DADD1D1AA69C7D0025730B /* Images.xcassets */; };
		C5DADD251AA69C7D0025730B /* XCTest.framework in Frameworks */ = {isa = PBXBuildFile; fileRef = C5DADD241AA69C7D0025730B /* XCTest.framework */; };
		C5DADD261AA69C7D0025730B /* Foundation.framework in Frameworks */ = {isa = PBXBuildFile; fileRef = C5DADD0B1AA69C7D0025730B /* Foundation.framework */; };
		C5DADD271AA69C7D0025730B /* UIKit.framework in Frameworks */ = {isa = PBXBuildFile; fileRef = C5DADD0F1AA69C7D0025730B /* UIKit.framework */; };
		C5DADD2F1AA69C7D0025730B /* InfoPlist.strings in Resources */ = {isa = PBXBuildFile; fileRef = C5DADD2D1AA69C7D0025730B /* InfoPlist.strings */; };
		C5DADD311AA69C7D0025730B /* UISwitch_____Tests.m in Sources */ = {isa = PBXBuildFile; fileRef = C5DADD301AA69C7D0025730B /* UISwitch_____Tests.m */; };
/* End PBXBuildFile section */

/* Begin PBXContainerItemProxy section */
		C5DADD281AA69C7D0025730B /* PBXContainerItemProxy */ = {
			isa = PBXContainerItemProxy;
			containerPortal = C5DADD001AA69C7D0025730B /* Project object */;
			proxyType = 1;
			remoteGlobalIDString = C5DADD071AA69C7D0025730B;
			remoteInfo = "UISwitch创建和使用";
		};
/* End PBXContainerItemProxy section */

/* Begin PBXFileReference section */
		C5906A9C1AA69CAA00C47A52 /* ViewController.h */ = {isa = PBXFileReference; fileEncoding = 4; lastKnownFileType = sourcecode.c.h; path = ViewController.h; sourceTree = "<group>"; };
		C5906A9D1AA69CAA00C47A52 /* ViewController.m */ = {isa = PBXFileReference; fileEncoding = 4; lastKnownFileType = sourcecode.c.objc; path = ViewController.m; sourceTree = "<group>"; };
		C5DADD081AA69C7D0025730B /* UISwitch创建和使用.app */ = {isa = PBXFileReference; explicitFileType = wrapper.application; includeInIndex = 0; path = "UISwitch创建和使用.app"; sourceTree = BUILT_PRODUCTS_DIR; };
		C5DADD0B1AA69C7D0025730B /* Foundation.framework */ = {isa = PBXFileReference; lastKnownFileType = wrapper.framework; name = Foundation.framework; path = System/Library/Frameworks/Foundation.framework; sourceTree = SDKROOT; };
		C5DADD0D1AA69C7D0025730B /* CoreGraphics.framework */ = {isa = PBXFileReference; lastKnownFileType = wrapper.framework; name = CoreGraphics.framework; path = System/Library/Frameworks/CoreGraphics.framework; sourceTree = SDKROOT; };
		C5DADD0F1AA69C7D0025730B /* UIKit.framework */ = {isa = PBXFileReference; lastKnownFileType = wrapper.framework; name = UIKit.framework; path = System/Library/Frameworks/UIKit.framework; sourceTree = SDKROOT; };
		C5DADD131AA69C7D0025730B /* UISwitch创建和使用-Info.plist */ = {isa = PBXFileReference; lastKnownFileType = text.plist.xml; path = "UISwitch创建和使用-Info.plist"; sourceTree = "<group>"; };
		C5DADD151AA69C7D0025730B /* en */ = {isa = PBXFileReference; lastKnownFileType = text.plist.strings; name = en; path = en.lproj/InfoPlist.strings; sourceTree = "<group>"; };
		C5DADD171AA69C7D0025730B /* main.m */ = {isa = PBXFileReference; lastKnownFileType = sourcecode.c.objc; path = main.m; sourceTree = "<group>"; };
		C5DADD191AA69C7D0025730B /* UISwitch创建和使用-Prefix.pch */ = {isa = PBXFileReference; lastKnownFileType = sourcecode.c.h; path = "UISwitch创建和使用-Prefix.pch"; sourceTree = "<group>"; };
		C5DADD1A1AA69C7D0025730B /* AppDelegate.h */ = {isa = PBXFileReference; lastKnownFileType = sourcecode.c.h; path = AppDelegate.h; sourceTree = "<group>"; };
		C5DADD1B1AA69C7D0025730B /* AppDelegate.m */ = {isa = PBXFileReference; lastKnownFileType = sourcecode.c.objc; path = AppDelegate.m; sourceTree = "<group>"; };
		C5DADD1D1AA69C7D0025730B /* Images.xcassets */ = {isa = PBXFileReference; lastKnownFileType = folder.assetcatalog; path = Images.xcassets; sourceTree = "<group>"; };
		C5DADD231AA69C7D0025730B /* UISwitch创建和使用Tests.xctest */ = {isa = PBXFileReference; explicitFileType = wrapper.cfbundle; includeInIndex = 0; path = "UISwitch创建和使用Tests.xctest"; sourceTree = BUILT_PRODUCTS_DIR; };
		C5DADD241AA69C7D0025730B /* XCTest.framework */ = {isa = PBXFileReference; lastKnownFileType = wrapper.framework; name = XCTest.framework; path = Library/Frameworks/XCTest.framework; sourceTree = DEVELOPER_DIR; };
		C5DADD2C1AA69C7D0025730B /* UISwitch创建和使用Tests-Info.plist */ = {isa = PBXFileReference; lastKnownFileType = text.plist.xml; path = "UISwitch创建和使用Tests-Info.plist"; sourceTree = "<group>"; };
		C5DADD2E1AA69C7D0025730B /* en */ = {isa = PBXFileReference; lastKnownFileType = text.plist.strings; name = en; path = en.lproj/InfoPlist.strings; sourceTree = "<group>"; };
		C5DADD301AA69C7D0025730B /* UISwitch_____Tests.m */ = {isa = PBXFileReference; lastKnownFileType = sourcecode.c.objc; path = "UISwitch_____Tests.m"; sourceTree = "<group>"; };
/* End PBXFileReference section */

/* Begin PBXFrameworksBuildPhase section */
		C5DADD051AA69C7D0025730B /* Frameworks */ = {
			isa = PBXFrameworksBuildPhase;
			buildActionMask = 2147483647;
			files = (
				C5DADD0E1AA69C7D0025730B /* CoreGraphics.framework in Frameworks */,
				C5DADD101AA69C7D0025730B /* UIKit.framework in Frameworks */,
				C5DADD0C1AA69C7D0025730B /* Foundation.framework in Frameworks */,
			);
			runOnlyForDeploymentPostprocessing = 0;
		};
		C5DADD201AA69C7D0025730B /* Frameworks */ = {
			isa = PBXFrameworksBuildPhase;
			buildActionMask = 2147483647;
			files = (
				C5DADD251AA69C7D0025730B /* XCTest.framework in Frameworks */,
				C5DADD271AA69C7D0025730B /* UIKit.framework in Frameworks */,
				C5DADD261AA69C7D0025730B /* Foundation.framework in Frameworks */,
			);
			runOnlyForDeploymentPostprocessing = 0;
		};
/* End PBXFrameworksBuildPhase section */

/* Begin PBXGroup section */
		C5DADCFF1AA69C7D0025730B = {
			isa = PBXGroup;
			children = (
				C5906A9C1AA69CAA00C47A52 /* ViewController.h */,
				C5906A9D1AA69CAA00C47A52 /* ViewController.m */,
				C5DADD111AA69C7D0025730B /* UISwitch创建和使用 */,
				C5DADD2A1AA69C7D0025730B /* UISwitch创建和使用Tests */,
				C5DADD0A1AA69C7D0025730B /* Frameworks */,
				C5DADD091AA69C7D0025730B /* Products */,
			);
			sourceTree = "<group>";
		};
		C5DADD091AA69C7D0025730B /* Products */ = {
			isa = PBXGroup;
			children = (
				C5DADD081AA69C7D0025730B /* UISwitch创建和使用.app */,
				C5DADD231AA69C7D0025730B /* UISwitch创建和使用Tests.xctest */,
			);
			name = Products;
			sourceTree = "<group>";
		};
		C5DADD0A1AA69C7D0025730B /* Frameworks */ = {
			isa = PBXGroup;
			children = (
				C5DADD0B1AA69C7D0025730B /* Foundation.framework */,
				C5DADD0D1AA69C7D0025730B /* CoreGraphics.framework */,
				C5DADD0F1AA69C7D0025730B /* UIKit.framework */,
				C5DADD241AA69C7D0025730B /* XCTest.framework */,
			);
			name = Frameworks;
			sourceTree = "<group>";
		};
		C5DADD111AA69C7D0025730B /* UISwitch创建和使用 */ = {
			isa = PBXGroup;
			children = (
				C5DADD1A1AA69C7D0025730B /* AppDelegate.h */,
				C5DADD1B1AA69C7D0025730B /* AppDelegate.m */,
				C5DADD1D1AA69C7D0025730B /* Images.xcassets */,
				C5DADD121AA69C7D0025730B /* Supporting Files */,
			);
			path = "UISwitch创建和使用";
			sourceTree = "<group>";
		};
		C5DADD121AA69C7D0025730B /* Supporting Files */ = {
			isa = PBXGroup;
			children = (
				C5DADD131AA69C7D0025730B /* UISwitch创建和使用-Info.plist */,
				C5DADD141AA69C7D0025730B /* InfoPlist.strings */,
				C5DADD171AA69C7D0025730B /* main.m */,
				C5DADD191AA69C7D0025730B /* UISwitch创建和使用-Prefix.pch */,
			);
			name = "Supporting Files";
			sourceTree = "<group>";
		};
		C5DADD2A1AA69C7D0025730B /* UISwitch创建和使用Tests */ = {
			isa = PBXGroup;
			children = (
				C5DADD301AA69C7D0025730B /* UISwitch_____Tests.m */,
				C5DADD2B1AA69C7D0025730B /* Supporting Files */,
			);
			path = "UISwitch创建和使用Tests";
			sourceTree = "<group>";
		};
		C5DADD2B1AA69C7D0025730B /* Supporting Files */ = {
			isa = PBXGroup;
			children = (
				C5DADD2C1AA69C7D0025730B /* UISwitch创建和使用Tests-Info.plist */,
				C5DADD2D1AA69C7D0025730B /* InfoPlist.strings */,
			);
			name = "Supporting Files";
			sourceTree = "<group>";
		};
/* End PBXGroup section */

/* Begin PBXNativeTarget section */
		C5DADD071AA69C7D0025730B /* UISwitch创建和使用 */ = {
			isa = PBXNativeTarget;
			buildConfigurationList = C5DADD341AA69C7D0025730B /* Build configuration list for PBXNativeTarget "UISwitch创建和使用" */;
			buildPhases = (
				C5DADD041AA69C7D0025730B /* Sources */,
				C5DADD051AA69C7D0025730B /* Frameworks */,
				C5DADD061AA69C7D0025730B /* Resources */,
			);
			buildRules = (
			);
			dependencies = (
			);
			name = "UISwitch创建和使用";
			productName = "UISwitch创建和使用";
			productReference = C5DADD081AA69C7D0025730B /* UISwitch创建和使用.app */;
			productType = "com.apple.product-type.application";
		};
		C5DADD221AA69C7D0025730B /* UISwitch创建和使用Tests */ = {
			isa = PBXNativeTarget;
			buildConfigurationList = C5DADD371AA69C7D0025730B /* Build configuration list for PBXNativeTarget "UISwitch创建和使用Tests" */;
			buildPhases = (
				C5DADD1F1AA69C7D0025730B /* Sources */,
				C5DADD201AA69C7D0025730B /* Frameworks */,
				C5DADD211AA69C7D0025730B /* Resources */,
			);
			buildRules = (
			);
			dependencies = (
				C5DADD291AA69C7D0025730B /* PBXTargetDependency */,
			);
			name = "UISwitch创建和使用Tests";
			productName = "UISwitch创建和使用Tests";
			productReference = C5DADD231AA69C7D0025730B /* UISwitch创建和使用Tests.xctest */;
			productType = "com.apple.product-type.bundle.unit-test";
		};
/* End PBXNativeTarget section */

/* Begin PBXProject section */
		C5DADD001AA69C7D0025730B /* Project object */ = {
			isa = PBXProject;
			attributes = {
				LastUpgradeCheck = 0510;
				ORGANIZATIONNAME = shikee;
				TargetAttributes = {
					C5DADD221AA69C7D0025730B = {
						TestTargetID = C5DADD071AA69C7D0025730B;
					};
				};
			};
			buildConfigurationList = C5DADD031AA69C7D0025730B /* Build configuration list for PBXProject "UISwitch创建和使用" */;
			compatibilityVersion = "Xcode 3.2";
			developmentRegion = English;
			hasScannedForEncodings = 0;
			knownRegions = (
				en,
			);
			mainGroup = C5DADCFF1AA69C7D0025730B;
			productRefGroup = C5DADD091AA69C7D0025730B /* Products */;
			projectDirPath = "";
			projectRoot = "";
			targets = (
				C5DADD071AA69C7D0025730B /* UISwitch创建和使用 */,
				C5DADD221AA69C7D0025730B /* UISwitch创建和使用Tests */,
			);
		};
/* End PBXProject section */

/* Begin PBXResourcesBuildPhase section */
		C5DADD061AA69C7D0025730B /* Resources */ = {
			isa = PBXResourcesBuildPhase;
			buildActionMask = 2147483647;
			files = (
				C5DADD161AA69C7D0025730B /* InfoPlist.strings in Resources */,
				C5DADD1E1AA69C7D0025730B /* Images.xcassets in Resources */,
			);
			runOnlyForDeploymentPostprocessing = 0;
		};
		C5DADD211AA69C7D0025730B /* Resources */ = {
			isa = PBXResourcesBuildPhase;
			buildActionMask = 2147483647;
			files = (
				C5DADD2F1AA69C7D0025730B /* InfoPlist.strings in Resources */,
			);
			runOnlyForDeploymentPostprocessing = 0;
		};
/* End PBXResourcesBuildPhase section */

/* Begin PBXSourcesBuildPhase section */
		C5DADD041AA69C7D0025730B /* Sources */ = {
			isa = PBXSourcesBuildPhase;
			buildActionMask = 2147483647;
			files = (
				C5906A9E1AA69CAA00C47A52 /* ViewController.m in Sources */,
				C5DADD1C1AA69C7D0025730B /* AppDelegate.m in Sources */,
				C5DADD181AA69C7D0025730B /* main.m in Sources */,
			);
			runOnlyForDeploymentPostprocessing = 0;
		};
		C5DADD1F1AA69C7D0025730B /* Sources */ = {
			isa = PBXSourcesBuildPhase;
			buildActionMask = 2147483647;
			files = (
				C5DADD311AA69C7D0025730B /* UISwitch_____Tests.m in Sources */,
			);
			runOnlyForDeploymentPostprocessing = 0;
		};
/* End PBXSourcesBuildPhase section */

/* Begin PBXTargetDependency section */
		C5DADD291AA69C7D0025730B /* PBXTargetDependency */ = {
			isa = PBXTargetDependency;
			target = C5DADD071AA69C7D0025730B /* UISwitch创建和使用 */;
			targetProxy = C5DADD281AA69C7D0025730B /* PBXContainerItemProxy */;
		};
/* End PBXTargetDependency section */

/* Begin PBXVariantGroup section */
		C5DADD141AA69C7D0025730B /* InfoPlist.strings */ = {
			isa = PBXVariantGroup;
			children = (
				C5DADD151AA69C7D0025730B /* en */,
			);
			name = InfoPlist.strings;
			sourceTree = "<group>";
		};
		C5DADD2D1AA69C7D0025730B /* InfoPlist.strings */ = {
			isa = PBXVariantGroup;
			children = (
				C5DADD2E1AA69C7D0025730B /* en */,
			);
			name = InfoPlist.strings;
			sourceTree = "<group>";
		};
/* End PBXVariantGroup section */

/* Begin XCBuildConfiguration section */
		C5DADD321AA69C7D0025730B /* Debug */ = {
			isa = XCBuildConfiguration;
			buildSettings = {
				ALWAYS_SEARCH_USER_PATHS = NO;
				CLANG_CXX_LANGUAGE_STANDARD = "gnu++0x";
				CLANG_CXX_LIBRARY = "libc++";
				CLANG_ENABLE_MODULES = YES;
				CLANG_ENABLE_OBJC_ARC = YES;
				CLANG_WARN_BOOL_CONVERSION = YES;
				CLANG_WARN_CONSTANT_CONVERSION = YES;
				CLANG_WARN_DIRECT_OBJC_ISA_USAGE = YES_ERROR;
				CLANG_WARN_EMPTY_BODY = YES;
				CLANG_WARN_ENUM_CONVERSION = YES;
				CLANG_WARN_INT_CONVERSION = YES;
				CLANG_WARN_OBJC_ROOT_CLASS = YES_ERROR;
				CLANG_WARN__DUPLICATE_METHOD_MATCH = YES;
				"CODE_SIGN_IDENTITY[sdk=iphoneos*]" = "iPhone Developer";
				COPY_PHASE_STRIP = NO;
				GCC_C_LANGUAGE_STANDARD = gnu99;
				GCC_DYNAMIC_NO_PIC = NO;
				GCC_OPTIMIZATION_LEVEL = 0;
				GCC_PREPROCESSOR_DEFINITIONS = (
					"DEBUG=1",
					"$(inherited)",
				);
				GCC_SYMBOLS_PRIVATE_EXTERN = NO;
				GCC_WARN_64_TO_32_BIT_CONVERSION = YES;
				GCC_WARN_ABOUT_RETURN_TYPE = YES_ERROR;
				GCC_WARN_UNDECLARED_SELECTOR = YES;
				GCC_WARN_UNINITIALIZED_AUTOS = YES_AGGRESSIVE;
				GCC_WARN_UNUSED_FUNCTION = YES;
				GCC_WARN_UNUSED_VARIABLE = YES;
				IPHONEOS_DEPLOYMENT_TARGET = 7.1;
				ONLY_ACTIVE_ARCH = YES;
				SDKROOT = iphoneos;
			};
			name = Debug;
		};
		C5DADD331AA69C7D0025730B /* Release */ = {
			isa = XCBuildConfiguration;
			buildSettings = {
				ALWAYS_SEARCH_USER_PATHS = NO;
				CLANG_CXX_LANGUAGE_STANDARD = "gnu++0x";
				CLANG_CXX_LIBRARY = "libc++";
				CLANG_ENABLE_MODULES = YES;
				CLANG_ENABLE_OBJC_ARC = YES;
				CLANG_WARN_BOOL_CONVERSION = YES;
				CLANG_WARN_CONSTANT_CONVERSION = YES;
				CLANG_WARN_DIRECT_OBJC_ISA_USAGE = YES_ERROR;
				CLANG_WARN_EMPTY_BODY = YES;
				CLANG_WARN_ENUM_CONVERSION = YES;
				CLANG_WARN_INT_CONVERSION = YES;
				CLANG_WARN_OBJC_ROOT_CLASS = YES_ERROR;
				CLANG_WARN__DUPLICATE_METHOD_MATCH = YES;
				"CODE_SIGN_IDENTITY[sdk=iphoneos*]" = "iPhone Developer";
				COPY_PHASE_STRIP = YES;
				ENABLE_NS_ASSERTIONS = NO;
				GCC_C_LANGUAGE_STANDARD = gnu99;
				GCC_WARN_64_TO_32_BIT_CONVERSION = YES;
				GCC_WARN_ABOUT_RETURN_TYPE = YES_ERROR;
				GCC_WARN_UNDECLARED_SELECTOR = YES;
				GCC_WARN_UNINITIALIZED_AUTOS = YES_AGGRESSIVE;
				GCC_WARN_UNUSED_FUNCTION = YES;
				GCC_WARN_UNUSED_VARIABLE = YES;
				IPHONEOS_DEPLOYMENT_TARGET = 7.1;
				SDKROOT = iphoneos;
				VALIDATE_PRODUCT = YES;
			};
			name = Release;
		};
		C5DADD351AA69C7D0025730B /* Debug */ = {
			isa = XCBuildConfiguration;
			buildSettings = {
				ASSETCATALOG_COMPILER_APPICON_NAME = AppIcon;
				ASSETCATALOG_COMPILER_LAUNCHIMAGE_NAME = LaunchImage;
				GCC_PRECOMPILE_PREFIX_HEADER = YES;
				GCC_PREFIX_HEADER = "UISwitch创建和使用/UISwitch创建和使用-Prefix.pch";
				INFOPLIST_FILE = "UISwitch创建和使用/UISwitch创建和使用-Info.plist";
				PRODUCT_NAME = "$(TARGET_NAME)";
				WRAPPER_EXTENSION = app;
			};
			name = Debug;
		};
		C5DADD361AA69C7D0025730B /* Release */ = {
			isa = XCBuildConfiguration;
			buildSettings = {
				ASSETCATALOG_COMPILER_APPICON_NAME = AppIcon;
				ASSETCATALOG_COMPILER_LAUNCHIMAGE_NAME = LaunchImage;
				GCC_PRECOMPILE_PREFIX_HEADER = YES;
				GCC_PREFIX_HEADER = "UISwitch创建和使用/UISwitch创建和使用-Prefix.pch";
				INFOPLIST_FILE = "UISwitch创建和使用/UISwitch创建和使用-Info.plist";
				PRODUCT_NAME = "$(TARGET_NAME)";
				WRAPPER_EXTENSION = app;
			};
			name = Release;
		};
		C5DADD381AA69C7D0025730B /* Debug */ = {
			isa = XCBuildConfiguration;
			buildSettings = {
				BUNDLE_LOADER = "$(BUILT_PRODUCTS_DIR)/UISwitch创建和使用.app/UISwitch创建和使用";
				FRAMEWORK_SEARCH_PATHS = (
					"$(SDKROOT)/Developer/Library/Frameworks",
					"$(inherited)",
					"$(DEVELOPER_FRAMEWORKS_DIR)",
				);
				GCC_PRECOMPILE_PREFIX_HEADER = YES;
				GCC_PREFIX_HEADER = "UISwitch创建和使用/UISwitch创建和使用-Prefix.pch";
				GCC_PREPROCESSOR_DEFINITIONS = (
					"DEBUG=1",
					"$(inherited)",
				);
				INFOPLIST_FILE = "UISwitch创建和使用Tests/UISwitch创建和使用Tests-Info.plist";
				PRODUCT_NAME = "$(TARGET_NAME)";
				TEST_HOST = "$(BUNDLE_LOADER)";
				WRAPPER_EXTENSION = xctest;
			};
			name = Debug;
		};
		C5DADD391AA69C7D0025730B /* Release */ = {
			isa = XCBuildConfiguration;
			buildSettings = {
				BUNDLE_LOADER = "$(BUILT_PRODUCTS_DIR)/UISwitch创建和使用.app/UISwitch创建和使用";
				FRAMEWORK_SEARCH_PATHS = (
					"$(SDKROOT)/Developer/Library/Frameworks",
					"$(inherited)",
					"$(DEVELOPER_FRAMEWORKS_DIR)",
				);
				GCC_PRECOMPILE_PREFIX_HEADER = YES;
				GCC_PREFIX_HEADER = "UISwitch创建和使用/UISwitch创建和使用-Prefix.pch";
				INFOPLIST_FILE = "UISwitch创建和使用Tests/UISwitch创建和使用Tests-Info.plist";
				PRODUCT_NAME = "$(TARGET_NAME)";
				TEST_HOST = "$(BUNDLE_LOADER)";
				WRAPPER_EXTENSION = xctest;
			};
			name = Release;
		};
/* End XCBuildConfiguration section */

/* Begin XCConfigurationList section */
		C5DADD031AA69C7D0025730B /* Build configuration list for PBXProject "UISwitch创建和使用" */ = {
			isa = XCConfigurationList;
			buildConfigurations = (
				C5DADD321AA69C7D0025730B /* Debug */,
				C5DADD331AA69C7D0025730B /* Release */,
			);
			defaultConfigurationIsVisible = 0;
			defaultConfigurationName = Release;
		};
		C5DADD341AA69C7D0025730B /* Build configuration list for PBXNativeTarget "UISwitch创建和使用" */ = {
			isa = XCConfigurationList;
			buildConfigurations = (
				C5DADD351AA69C7D0025730B /* Debug */,
				C5DADD361AA69C7D0025730B /* Release */,
			);
			defaultConfigurationIsVisible = 0;
			defaultConfigurationName = Release;
		};
		C5DADD371AA69C7D0025730B /* Build configuration list for PBXNativeTarget "UISwitch创建和使用Tests" */ = {
			isa = XCConfigurationList;
			buildConfigurations = (
				C5DADD381AA69C7D0025730B /* Debug */,
				C5DADD391AA69C7D0025730B /* Release */,
			);
			defaultConfigurationIsVisible = 0;
			defaultConfigurationName = Release;
		};
/* End XCConfigurationList section */
	};
	rootObject = C5DADD001AA69C7D0025730B /* Project object */;
}
